
Microsoft Visual Studio Solution File, Format Version 12.00
# Visual Studio 2012
Project("{FAE04EC0-301F-11D3-BF4B-00C04F79EFBC}") = "CSharpMongoDbSetup", "CSharpMongoDbSetup\CSharpMongoDbSetup.csproj", "{142E8BA9-7568-481B-B7E4-09DC21FD9661}"
EndProject
Project("{FAE04EC0-301F-11D3-BF4B-00C04F79EFBC}") = "Data", "Data\Data.csproj", "{122E32CB-6461-4829-9082-3F99E40EB255}"
EndProject
Project("{2150E333-8FDC-42A3-9474-1A3956D46DE8}") = ".nuget", ".nuget", "{6CCC860E-3C09-482E-8EBE-991346514368}"
	ProjectSection(SolutionItems) = preProject
		.nuget\NuGet.Config = .nuget\NuGet.Config
		.nuget\NuGet.exe = .nuget\NuGet.exe
		.nuget\NuGet.targets = .nuget\NuGet.targets
	EndProjectSection
EndProject
Global
	GlobalSection(SolutionConfigurationPlatforms) = preSolution
		Debug|Any CPU = Debug|Any CPU
		Release|Any CPU = Release|Any CPU
	EndGlobalSection
	GlobalSection(ProjectConfigurationPlatforms) = postSolution
		{142E8BA9-7568-481B-B7E4-09DC21FD9661}.Debug|Any CPU.ActiveCfg = Debug|Any CPU
		{142E8BA9-7568-481B-B7E4-09DC21FD9661}.Debug|Any CPU.Build.0 = Debug|Any CPU
		{142E8BA9-7568-481B-B7E4-09DC21FD9661}.Release|Any CPU.ActiveCfg = Release|Any CPU
		{142E8BA9-7568-481B-B7E4-09DC21FD9661}.Release|Any CPU.Build.0 = Release|Any CPU
		{122E32CB-6461-4829-9082-3F99E40EB255}.Debug|Any CPU.ActiveCfg = Debug|Any CPU
		{122E32CB-6461-4829-9082-3F99E40EB255}.Debug|Any CPU.Build.0 = Debug|Any CPU
		{122E32CB-6461-4829-9082-3F99E40EB255}.Release|Any CPU.ActiveCfg = Release|Any CPU
		{122E32CB-6461-4829-9082-3F99E40EB255}.Release|Any CPU.Build.0 = Release|Any CPU
	EndGlobalSection
	GlobalSection(SolutionProperties) = preSolution
		HideSolutionNode = FALSE
	EndGlobalSection
EndGlobal
